
Microsoft Visual Studio Solution File, Format Version 12.00
# Visual Studio 15
VisualStudioVersion = 15.0.26730.16
MinimumVisualStudioVersion = 10.0.40219.1
Project("{9A19103F-16F7-4668-BE54-9A1E7A4F7556}") = "WebApplicationAAD", "WebApplicationAAD\WebApplicationAAD.csproj", "{89B61B48-F698-4F61-A6D7-7B4E4B452C63}"
EndProject
Project("{FAE04EC0-301F-11D3-BF4B-00C04F79EFBC}") = "XUnitTestProject1", "XUnitTestProject1\XUnitTestProject1.csproj", "{F2F4DE61-DDEE-499A-80C6-63520ABE2D2D}"
EndProject
Global
	GlobalSection(SolutionConfigurationPlatforms) = preSolution
		Debug|Any CPU = Debug|Any CPU
		Release|Any CPU = Release|Any CPU
	EndGlobalSection
	GlobalSection(ProjectConfigurationPlatforms) = postSolution
		{89B61B48-F698-4F61-A6D7-7B4E4B452C63}.Debug|Any CPU.ActiveCfg = Debug|Any CPU
		{89B61B48-F698-4F61-A6D7-7B4E4B452C63}.Debug|Any CPU.Build.0 = Debug|Any CPU
		{89B61B48-F698-4F61-A6D7-7B4E4B452C63}.Release|Any CPU.ActiveCfg = Release|Any CPU
		{89B61B48-F698-4F61-A6D7-7B4E4B452C63}.Release|Any CPU.Build.0 = Release|Any CPU
		{F2F4DE61-DDEE-499A-80C6-63520ABE2D2D}.Debug|Any CPU.ActiveCfg = Debug|Any CPU
		{F2F4DE61-DDEE-499A-80C6-63520ABE2D2D}.Debug|Any CPU.Build.0 = Debug|Any CPU
		{F2F4DE61-DDEE-499A-80C6-63520ABE2D2D}.Release|Any CPU.ActiveCfg = Release|Any CPU
		{F2F4DE61-DDEE-499A-80C6-63520ABE2D2D}.Release|Any CPU.Build.0 = Release|Any CPU
	EndGlobalSection
	GlobalSection(SolutionProperties) = preSolution
		HideSolutionNode = FALSE
	EndGlobalSection
	GlobalSection(ExtensibilityGlobals) = postSolution
		SolutionGuid = {104D6317-5A1A-4963-AE3A-F6706AB0D40E}
	EndGlobalSection
EndGlobal
