
Microsoft Visual Studio Solution File, Format Version 12.00
# Visual Studio 15
VisualStudioVersion = 15.0.26730.16
MinimumVisualStudioVersion = 10.0.40219.1
Project("{FAE04EC0-301F-11D3-BF4B-00C04F79EFBC}") = "WebSwaggerCoreAAD", "WebSwaggerCoreAAD\WebSwaggerCoreAAD.csproj", "{3AC0C56A-AFA8-4202-8DE0-80200D73B972}"
EndProject
Global
	GlobalSection(SolutionConfigurationPlatforms) = preSolution
		Debug|Any CPU = Debug|Any CPU
		Release|Any CPU = Release|Any CPU
	EndGlobalSection
	GlobalSection(ProjectConfigurationPlatforms) = postSolution
		{3AC0C56A-AFA8-4202-8DE0-80200D73B972}.Debug|Any CPU.ActiveCfg = Debug|Any CPU
		{3AC0C56A-AFA8-4202-8DE0-80200D73B972}.Debug|Any CPU.Build.0 = Debug|Any CPU
		{3AC0C56A-AFA8-4202-8DE0-80200D73B972}.Release|Any CPU.ActiveCfg = Release|Any CPU
		{3AC0C56A-AFA8-4202-8DE0-80200D73B972}.Release|Any CPU.Build.0 = Release|Any CPU
	EndGlobalSection
	GlobalSection(SolutionProperties) = preSolution
		HideSolutionNode = FALSE
	EndGlobalSection
	GlobalSection(ExtensibilityGlobals) = postSolution
		SolutionGuid = {81ED364E-1F60-4840-A943-9234FB9674CA}
	EndGlobalSection
EndGlobal
