
Microsoft Visual Studio Solution File, Format Version 12.00
# Visual Studio 15
VisualStudioVersion = 15.0.26730.16
MinimumVisualStudioVersion = 10.0.40219.1
Project("{FAE04EC0-301F-11D3-BF4B-00C04F79EFBC}") = "WebApplication1", "WebApplication1\WebApplication1.csproj", "{7329BB5D-1E29-4D19-BF40-E6C53B5B67D6}"
EndProject
Global
	GlobalSection(SolutionConfigurationPlatforms) = preSolution
		Debug|Any CPU = Debug|Any CPU
		Release|Any CPU = Release|Any CPU
	EndGlobalSection
	GlobalSection(ProjectConfigurationPlatforms) = postSolution
		{7329BB5D-1E29-4D19-BF40-E6C53B5B67D6}.Debug|Any CPU.ActiveCfg = Debug|Any CPU
		{7329BB5D-1E29-4D19-BF40-E6C53B5B67D6}.Debug|Any CPU.Build.0 = Debug|Any CPU
		{7329BB5D-1E29-4D19-BF40-E6C53B5B67D6}.Release|Any CPU.ActiveCfg = Release|Any CPU
		{7329BB5D-1E29-4D19-BF40-E6C53B5B67D6}.Release|Any CPU.Build.0 = Release|Any CPU
	EndGlobalSection
	GlobalSection(SolutionProperties) = preSolution
		HideSolutionNode = FALSE
	EndGlobalSection
	GlobalSection(ExtensibilityGlobals) = postSolution
		SolutionGuid = {DE1909F7-443C-45BB-A34B-849DD35CA3AD}
	EndGlobalSection
EndGlobal
